// !$*UTF8*$!
{
	archiveVersion = 1;
	classes = {
	};
	objectVersion = 50;
	objects = {

/* Begin PBXBuildFile section */
		7A9CCEAA2566F2B500E82079 /* AppDelegate.m in Sources */ = {isa = PBXBuildFile; fileRef = 7A9CCEA92566F2B500E82079 /* AppDelegate.m */; };
		7A9CCEAD2566F2B500E82079 /* SceneDelegate.m in Sources */ = {isa = PBXBuildFile; fileRef = 7A9CCEAC2566F2B500E82079 /* SceneDelegate.m */; };
		7A9CCEB02566F2B500E82079 /* ViewController.m in Sources */ = {isa = PBXBuildFile; fileRef = 7A9CCEAF2566F2B500E82079 /* ViewController.m */; };
		7A9CCEB32566F2B500E82079 /* Main.storyboard in Resources */ = {isa = PBXBuildFile; fileRef = 7A9CCEB12566F2B500E82079 /* Main.storyboard */; };
		7A9CCEB52566F2BF00E82079 /* Assets.xcassets in Resources */ = {isa = PBXBuildFile; fileRef = 7A9CCEB42566F2BF00E82079 /* Assets.xcassets */; };
		7A9CCEB82566F2BF00E82079 /* LaunchScreen.storyboard in Resources */ = {isa = PBXBuildFile; fileRef = 7A9CCEB62566F2BF00E82079 /* LaunchScreen.storyboard */; };
		7A9CCEBB2566F2BF00E82079 /* main.m in Sources */ = {isa = PBXBuildFile; fileRef = 7A9CCEBA2566F2BF00E82079 /* main.m */; };
/* End PBXBuildFile section */

/* Begin PBXFileReference section */
		7A9CCEA52566F2B500E82079 /* iOSFacebookInterview.app */ = {isa = PBXFileReference; explicitFileType = wrapper.application; includeInIndex = 0; path = iOSFacebookInterview.app; sourceTree = BUILT_PRODUCTS_DIR; };
		7A9CCEA82566F2B500E82079 /* AppDelegate.h */ = {isa = PBXFileReference; lastKnownFileType = sourcecode.c.h; path = AppDelegate.h; sourceTree = "<group>"; };
		7A9CCEA92566F2B500E82079 /* AppDelegate.m */ = {isa = PBXFileReference; lastKnownFileType = sourcecode.c.objc; path = AppDelegate.m; sourceTree = "<group>"; };
		7A9CCEAB2566F2B500E82079 /* SceneDelegate.h */ = {isa = PBXFileReference; lastKnownFileType = sourcecode.c.h; path = SceneDelegate.h; sourceTree = "<group>"; };
		7A9CCEAC2566F2B500E82079 /* SceneDelegate.m */ = {isa = PBXFileReference; lastKnownFileType = sourcecode.c.objc; path = SceneDelegate.m; sourceTree = "<group>"; };
		7A9CCEAE2566F2B500E82079 /* ViewController.h */ = {isa = PBXFileReference; lastKnownFileType = sourcecode.c.h; path = ViewController.h; sourceTree = "<group>"; };
		7A9CCEAF2566F2B500E82079 /* ViewController.m */ = {isa = PBXFileReference; lastKnownFileType = sourcecode.c.objc; path = ViewController.m; sourceTree = "<group>"; };
		7A9CCEB22566F2B500E82079 /* Base */ = {isa = PBXFileReference; lastKnownFileType = file.storyboard; name = Base; path = Base.lproj/Main.storyboard; sourceTree = "<group>"; };
		7A9CCEB42566F2BF00E82079 /* Assets.xcassets */ = {isa = PBXFileReference; lastKnownFileType = folder.assetcatalog; path = Assets.xcassets; sourceTree = "<group>"; };
		7A9CCEB72566F2BF00E82079 /* Base */ = {isa = PBXFileReference; lastKnownFileType = file.storyboard; name = Base; path = Base.lproj/LaunchScreen.storyboard; sourceTree = "<group>"; };
		7A9CCEB92566F2BF00E82079 /* Info.plist */ = {isa = PBXFileReference; lastKnownFileType = text.plist.xml; path = Info.plist; sourceTree = "<group>"; };
		7A9CCEBA2566F2BF00E82079 /* main.m */ = {isa = PBXFileReference; lastKnownFileType = sourcecode.c.objc; path = main.m; sourceTree = "<group>"; };
/* End PBXFileReference section */

/* Begin PBXFrameworksBuildPhase section */
		7A9CCEA22566F2B500E82079 /* Frameworks */ = {
			isa = PBXFrameworksBuildPhase;
			buildActionMask = 2147483647;
			files = (
			);
			runOnlyForDeploymentPostprocessing = 0;
		};
/* End PBXFrameworksBuildPhase section */

/* Begin PBXGroup section */
		7A9CCE9C2566F2B500E82079 = {
			isa = PBXGroup;
			children = (
				7A9CCEA72566F2B500E82079 /* iOSFacebookInterview */,
				7A9CCEA62566F2B500E82079 /* Products */,
			);
			sourceTree = "<group>";
		};
		7A9CCEA62566F2B500E82079 /* Products */ = {
			isa = PBXGroup;
			children = (
				7A9CCEA52566F2B500E82079 /* iOSFacebookInterview.app */,
			);
			name = Products;
			sourceTree = "<group>";
		};
		7A9CCEA72566F2B500E82079 /* iOSFacebookInterview */ = {
			isa = PBXGroup;
			children = (
				7A9CCEA82566F2B500E82079 /* AppDelegate.h */,
				7A9CCEA92566F2B500E82079 /* AppDelegate.m */,
				7A9CCEAB2566F2B500E82079 /* SceneDelegate.h */,
				7A9CCEAC2566F2B500E82079 /* SceneDelegate.m */,
				7A9CCEAE2566F2B500E82079 /* ViewController.h */,
				7A9CCEAF2566F2B500E82079 /* ViewController.m */,
				7A9CCEB12566F2B500E82079 /* Main.storyboard */,
				7A9CCEB42566F2BF00E82079 /* Assets.xcassets */,
				7A9CCEB62566F2BF00E82079 /* LaunchScreen.storyboard */,
				7A9CCEB92566F2BF00E82079 /* Info.plist */,
				7A9CCEBA2566F2BF00E82079 /* main.m */,
			);
			path = iOSFacebookInterview;
			sourceTree = "<group>";
		};
/* End PBXGroup section */

/* Begin PBXNativeTarget section */
		7A9CCEA42566F2B500E82079 /* iOSFacebookInterview */ = {
			isa = PBXNativeTarget;
			buildConfigurationList = 7A9CCEBE2566F2BF00E82079 /* Build configuration list for PBXNativeTarget "iOSFacebookInterview" */;
			buildPhases = (
				7A9CCEA12566F2B500E82079 /* Sources */,
				7A9CCEA22566F2B500E82079 /* Frameworks */,
				7A9CCEA32566F2B500E82079 /* Resources */,
			);
			buildRules = (
			);
			dependencies = (
			);
			name = iOSFacebookInterview;
			productName = iOSFacebookInterview;
			productReference = 7A9CCEA52566F2B500E82079 /* iOSFacebookInterview.app */;
			productType = "com.apple.product-type.application";
		};
/* End PBXNativeTarget section */

/* Begin PBXProject section */
		7A9CCE9D2566F2B500E82079 /* Project object */ = {
			isa = PBXProject;
			attributes = {
				LastUpgradeCheck = 1170;
				ORGANIZATIONNAME = "Eryk Szcześniak";
				TargetAttributes = {
					7A9CCEA42566F2B500E82079 = {
						CreatedOnToolsVersion = 11.7;
					};
				};
			};
			buildConfigurationList = 7A9CCEA02566F2B500E82079 /* Build configuration list for PBXProject "iOSFacebookInterview" */;
			compatibilityVersion = "Xcode 9.3";
			developmentRegion = en;
			hasScannedForEncodings = 0;
			knownRegions = (
				en,
				Base,
			);
			mainGroup = 7A9CCE9C2566F2B500E82079;
			productRefGroup = 7A9CCEA62566F2B500E82079 /* Products */;
			projectDirPath = "";
			projectRoot = "";
			targets = (
				7A9CCEA42566F2B500E82079 /* iOSFacebookInterview */,
			);
		};
/* End PBXProject section */

/* Begin PBXResourcesBuildPhase section */
		7A9CCEA32566F2B500E82079 /* Resources */ = {
			isa = PBXResourcesBuildPhase;
			buildActionMask = 2147483647;
			files = (
				7A9CCEB82566F2BF00E82079 /* LaunchScreen.storyboard in Resources */,
				7A9CCEB52566F2BF00E82079 /* Assets.xcassets in Resources */,
				7A9CCEB32566F2B500E82079 /* Main.storyboard in Resources */,
			);
			runOnlyForDeploymentPostprocessing = 0;
		};
/* End PBXResourcesBuildPhase section */

/* Begin PBXSourcesBuildPhase section */
		7A9CCEA12566F2B500E82079 /* Sources */ = {
			isa = PBXSourcesBuildPhase;
			buildActionMask = 2147483647;
			files = (
				7A9CCEB02566F2B500E82079 /* ViewController.m in Sources */,
				7A9CCEAA2566F2B500E82079 /* AppDelegate.m in Sources */,
				7A9CCEBB2566F2BF00E82079 /* main.m in Sources */,
				7A9CCEAD2566F2B500E82079 /* SceneDelegate.m in Sources */,
			);
			runOnlyForDeploymentPostprocessing = 0;
		};
/* End PBXSourcesBuildPhase section */

/* Begin PBXVariantGroup section */
		7A9CCEB12566F2B500E82079 /* Main.storyboard */ = {
			isa = PBXVariantGroup;
			children = (
				7A9CCEB22566F2B500E82079 /* Base */,
			);
			name = Main.storyboard;
			sourceTree = "<group>";
		};
		7A9CCEB62566F2BF00E82079 /* LaunchScreen.storyboard */ = {
			isa = PBXVariantGroup;
			children = (
				7A9CCEB72566F2BF00E82079 /* Base */,
			);
			name = LaunchScreen.storyboard;
			sourceTree = "<group>";
		};
/* End PBXVariantGroup section */

/* Begin XCBuildConfiguration section */
		7A9CCEBC2566F2BF00E82079 /* Debug */ = {
			isa = XCBuildConfiguration;
			buildSettings = {
				ALWAYS_SEARCH_USER_PATHS = NO;
				CLANG_ANALYZER_NONNULL = YES;
				CLANG_ANALYZER_NUMBER_OBJECT_CONVERSION = YES_AGGRESSIVE;
				CLANG_CXX_LANGUAGE_STANDARD = "gnu++14";
				CLANG_CXX_LIBRARY = "libc++";
				CLANG_ENABLE_MODULES = YES;
				CLANG_ENABLE_OBJC_ARC = YES;
				CLANG_ENABLE_OBJC_WEAK = YES;
				CLANG_WARN_BLOCK_CAPTURE_AUTORELEASING = YES;
				CLANG_WARN_BOOL_CONVERSION = YES;
				CLANG_WARN_COMMA = YES;
				CLANG_WARN_CONSTANT_CONVERSION = YES;
				CLANG_WARN_DEPRECATED_OBJC_IMPLEMENTATIONS = YES;
				CLANG_WARN_DIRECT_OBJC_ISA_USAGE = YES_ERROR;
				CLANG_WARN_DOCUMENTATION_COMMENTS = YES;
				CLANG_WARN_EMPTY_BODY = YES;
				CLANG_WARN_ENUM_CONVERSION = YES;
				CLANG_WARN_INFINITE_RECURSION = YES;
				CLANG_WARN_INT_CONVERSION = YES;
				CLANG_WARN_NON_LITERAL_NULL_CONVERSION = YES;
				CLANG_WARN_OBJC_IMPLICIT_RETAIN_SELF = YES;
				CLANG_WARN_OBJC_LITERAL_CONVERSION = YES;
				CLANG_WARN_OBJC_ROOT_CLASS = YES_ERROR;
				CLANG_WARN_RANGE_LOOP_ANALYSIS = YES;
				CLANG_WARN_STRICT_PROTOTYPES = YES;
				CLANG_WARN_SUSPICIOUS_MOVE = YES;
				CLANG_WARN_UNGUARDED_AVAILABILITY = YES_AGGRESSIVE;
				CLANG_WARN_UNREACHABLE_CODE = YES;
				CLANG_WARN__DUPLICATE_METHOD_MATCH = YES;
				COPY_PHASE_STRIP = NO;
				DEBUG_INFORMATION_FORMAT = dwarf;
				ENABLE_STRICT_OBJC_MSGSEND = YES;
				ENABLE_TESTABILITY = YES;
				GCC_C_LANGUAGE_STANDARD = gnu11;
				GCC_DYNAMIC_NO_PIC = NO;
				GCC_NO_COMMON_BLOCKS = YES;
				GCC_OPTIMIZATION_LEVEL = 0;
				GCC_PREPROCESSOR_DEFINITIONS = (
					"DEBUG=1",
					"$(inherited)",
				);
				GCC_WARN_64_TO_32_BIT_CONVERSION = YES;
				GCC_WARN_ABOUT_RETURN_TYPE = YES_ERROR;
				GCC_WARN_UNDECLARED_SELECTOR = YES;
				GCC_WARN_UNINITIALIZED_AUTOS = YES_AGGRESSIVE;
				GCC_WARN_UNUSED_FUNCTION = YES;
				GCC_WARN_UNUSED_VARIABLE = YES;
				IPHONEOS_DEPLOYMENT_TARGET = 13.7;
				MTL_ENABLE_DEBUG_INFO = INCLUDE_SOURCE;
				MTL_FAST_MATH = YES;
				ONLY_ACTIVE_ARCH = YES;
				SDKROOT = iphoneos;
			};
			name = Debug;
		};
		7A9CCEBD2566F2BF00E82079 /* Release */ = {
			isa = XCBuildConfiguration;
			buildSettings = {
				ALWAYS_SEARCH_USER_PATHS = NO;
				CLANG_ANALYZER_NONNULL = YES;
				CLANG_ANALYZER_NUMBER_OBJECT_CONVERSION = YES_AGGRESSIVE;
				CLANG_CXX_LANGUAGE_STANDARD = "gnu++14";
				CLANG_CXX_LIBRARY = "libc++";
				CLANG_ENABLE_MODULES = YES;
				CLANG_ENABLE_OBJC_ARC = YES;
				CLANG_ENABLE_OBJC_WEAK = YES;
				CLANG_WARN_BLOCK_CAPTURE_AUTORELEASING = YES;
				CLANG_WARN_BOOL_CONVERSION = YES;
				CLANG_WARN_COMMA = YES;
				CLANG_WARN_CONSTANT_CONVERSION = YES;
				CLANG_WARN_DEPRECATED_OBJC_IMPLEMENTATIONS = YES;
				CLANG_WARN_DIRECT_OBJC_ISA_USAGE = YES_ERROR;
				CLANG_WARN_DOCUMENTATION_COMMENTS = YES;
				CLANG_WARN_EMPTY_BODY = YES;
				CLANG_WARN_ENUM_CONVERSION = YES;
				CLANG_WARN_INFINITE_RECURSION = YES;
				CLANG_WARN_INT_CONVERSION = YES;
				CLANG_WARN_NON_LITERAL_NULL_CONVERSION = YES;
				CLANG_WARN_OBJC_IMPLICIT_RETAIN_SELF = YES;
				CLANG_WARN_OBJC_LITERAL_CONVERSION = YES;
				CLANG_WARN_OBJC_ROOT_CLASS = YES_ERROR;
				CLANG_WARN_RANGE_LOOP_ANALYSIS = YES;
				CLANG_WARN_STRICT_PROTOTYPES = YES;
				CLANG_WARN_SUSPICIOUS_MOVE = YES;
				CLANG_WARN_UNGUARDED_AVAILABILITY = YES_AGGRESSIVE;
				CLANG_WARN_UNREACHABLE_CODE = YES;
				CLANG_WARN__DUPLICATE_METHOD_MATCH = YES;
				COPY_PHASE_STRIP = NO;
				DEBUG_INFORMATION_FORMAT = "dwarf-with-dsym";
				ENABLE_NS_ASSERTIONS = NO;
				ENABLE_STRICT_OBJC_MSGSEND = YES;
				GCC_C_LANGUAGE_STANDARD = gnu11;
				GCC_NO_COMMON_BLOCKS = YES;
				GCC_WARN_64_TO_32_BIT_CONVERSION = YES;
				GCC_WARN_ABOUT_RETURN_TYPE = YES_ERROR;
				GCC_WARN_UNDECLARED_SELECTOR = YES;
				GCC_WARN_UNINITIALIZED_AUTOS = YES_AGGRESSIVE;
				GCC_WARN_UNUSED_FUNCTION = YES;
				GCC_WARN_UNUSED_VARIABLE = YES;
				IPHONEOS_DEPLOYMENT_TARGET = 13.7;
				MTL_ENABLE_DEBUG_INFO = NO;
				MTL_FAST_MATH = YES;
				SDKROOT = iphoneos;
				VALIDATE_PRODUCT = YES;
			};
			name = Release;
		};
		7A9CCEBF2566F2BF00E82079 /* Debug */ = {
			isa = XCBuildConfiguration;
			buildSettings = {
				ASSETCATALOG_COMPILER_APPICON_NAME = AppIcon;
				CODE_SIGN_STYLE = Automatic;
				DEVELOPMENT_TEAM = DRY9V64JW9;
				INFOPLIST_FILE = iOSFacebookInterview/Info.plist;
				LD_RUNPATH_SEARCH_PATHS = (
					"$(inherited)",
					"@executable_path/Frameworks",
				);
				PRODUCT_BUNDLE_IDENTIFIER = com.erykszczesniak.iOSFacebookInterview;
				PRODUCT_NAME = "$(TARGET_NAME)";
				TARGETED_DEVICE_FAMILY = "1,2";
			};
			name = Debug;
		};
		7A9CCEC02566F2BF00E82079 /* Release */ = {
			isa = XCBuildConfiguration;
			buildSettings = {
				ASSETCATALOG_COMPILER_APPICON_NAME = AppIcon;
				CODE_SIGN_STYLE = Automatic;
				DEVELOPMENT_TEAM = DRY9V64JW9;
				INFOPLIST_FILE = iOSFacebookInterview/Info.plist;
				LD_RUNPATH_SEARCH_PATHS = (
					"$(inherited)",
					"@executable_path/Frameworks",
				);
				PRODUCT_BUNDLE_IDENTIFIER = com.erykszczesniak.iOSFacebookInterview;
				PRODUCT_NAME = "$(TARGET_NAME)";
				TARGETED_DEVICE_FAMILY = "1,2";
			};
			name = Release;
		};
/* End XCBuildConfiguration section */

/* Begin XCConfigurationList section */
		7A9CCEA02566F2B500E82079 /* Build configuration list for PBXProject "iOSFacebookInterview" */ = {
			isa = XCConfigurationList;
			buildConfigurations = (
				7A9CCEBC2566F2BF00E82079 /* Debug */,
				7A9CCEBD2566F2BF00E82079 /* Release */,
			);
			defaultConfigurationIsVisible = 0;
			defaultConfigurationName = Release;
		};
		7A9CCEBE2566F2BF00E82079 /* Build configuration list for PBXNativeTarget "iOSFacebookInterview" */ = {
			isa = XCConfigurationList;
			buildConfigurations = (
				7A9CCEBF2566F2BF00E82079 /* Debug */,
				7A9CCEC02566F2BF00E82079 /* Release */,
			);
			defaultConfigurationIsVisible = 0;
			defaultConfigurationName = Release;
		};
/* End XCConfigurationList section */
	};
	rootObject = 7A9CCE9D2566F2B500E82079 /* Project object */;
}
